lockfileVersion: '9.0'

settings:
  autoInstallPeers: true
  excludeLinksFromLockfile: false

importers:

  .:
    dependencies:
      mi-gpt:
        specifier: ^4.2.0
        version: 4.2.0
    devDependencies:
      '@types/node':
        specifier: ^20.4.9
        version: 20.12.12
      tsx:
        specifier: ^4.11.0
        version: 4.11.0
      typescript:
        specifier: ^5.3.3
        version: 5.4.5

packages:

  '@esbuild/aix-ppc64@0.20.2':
    resolution: {integrity: sha512-D+EBOJHXdNZcLJRBkhENNG8Wji2kgc9AZ9KiPr1JuZjsNtyHzrsfLRrY0tk2H2aoFu6RANO1y1iPPUCDYWkb5g==}
    engines: {node: '>=12'}
    cpu: [ppc64]
    os: [aix]

  '@esbuild/android-arm64@0.20.2':
    resolution: {integrity: sha512-mRzjLacRtl/tWU0SvD8lUEwb61yP9cqQo6noDZP/O8VkwafSYwZ4yWy24kan8jE/IMERpYncRt2dw438LP3Xmg==}
    engines: {node: '>=12'}
    cpu: [arm64]
    os: [android]

  '@esbuild/android-arm@0.20.2':
    resolution: {integrity: sha512-t98Ra6pw2VaDhqNWO2Oph2LXbz/EJcnLmKLGBJwEwXX/JAN83Fym1rU8l0JUWK6HkIbWONCSSatf4sf2NBRx/w==}
    engines: {node: '>=12'}
    cpu: [arm]
    os: [android]

  '@esbuild/android-x64@0.20.2':
    resolution: {integrity: sha512-btzExgV+/lMGDDa194CcUQm53ncxzeBrWJcncOBxuC6ndBkKxnHdFJn86mCIgTELsooUmwUm9FkhSp5HYu00Rg==}
    engines: {node: '>=12'}
    cpu: [x64]
    os: [android]

  '@esbuild/darwin-arm64@0.20.2':
    resolution: {integrity: sha512-4J6IRT+10J3aJH3l1yzEg9y3wkTDgDk7TSDFX+wKFiWjqWp/iCfLIYzGyasx9l0SAFPT1HwSCR+0w/h1ES/MjA==}
    engines: {node: '>=12'}
    cpu: [arm64]
    os: [darwin]

  '@esbuild/darwin-x64@0.20.2':
    resolution: {integrity: sha512-tBcXp9KNphnNH0dfhv8KYkZhjc+H3XBkF5DKtswJblV7KlT9EI2+jeA8DgBjp908WEuYll6pF+UStUCfEpdysA==}
    engines: {node: '>=12'}
    cpu: [x64]
    os: [darwin]

  '@esbuild/freebsd-arm64@0.20.2':
    resolution: {integrity: sha512-d3qI41G4SuLiCGCFGUrKsSeTXyWG6yem1KcGZVS+3FYlYhtNoNgYrWcvkOoaqMhwXSMrZRl69ArHsGJ9mYdbbw==}
    engines: {node: '>=12'}
    cpu: [arm64]
    os: [freebsd]

  '@esbuild/freebsd-x64@0.20.2':
    resolution: {integrity: sha512-d+DipyvHRuqEeM5zDivKV1KuXn9WeRX6vqSqIDgwIfPQtwMP4jaDsQsDncjTDDsExT4lR/91OLjRo8bmC1e+Cw==}
    engines: {node: '>=12'}
    cpu: [x64]
    os: [freebsd]

  '@esbuild/linux-arm64@0.20.2':
    resolution: {integrity: sha512-9pb6rBjGvTFNira2FLIWqDk/uaf42sSyLE8j1rnUpuzsODBq7FvpwHYZxQ/It/8b+QOS1RYfqgGFNLRI+qlq2A==}
    engines: {node: '>=12'}
    cpu: [arm64]
    os: [linux]

  '@esbuild/linux-arm@0.20.2':
    resolution: {integrity: sha512-VhLPeR8HTMPccbuWWcEUD1Az68TqaTYyj6nfE4QByZIQEQVWBB8vup8PpR7y1QHL3CpcF6xd5WVBU/+SBEvGTg==}
    engines: {node: '>=12'}
    cpu: [arm]
    os: [linux]

  '@esbuild/linux-ia32@0.20.2':
    resolution: {integrity: sha512-o10utieEkNPFDZFQm9CoP7Tvb33UutoJqg3qKf1PWVeeJhJw0Q347PxMvBgVVFgouYLGIhFYG0UGdBumROyiig==}
    engines: {node: '>=12'}
    cpu: [ia32]
    os: [linux]

  '@esbuild/linux-loong64@0.20.2':
    resolution: {integrity: sha512-PR7sp6R/UC4CFVomVINKJ80pMFlfDfMQMYynX7t1tNTeivQ6XdX5r2XovMmha/VjR1YN/HgHWsVcTRIMkymrgQ==}
    engines: {node: '>=12'}
    cpu: [loong64]
    os: [linux]

  '@esbuild/linux-mips64el@0.20.2':
    resolution: {integrity: sha512-4BlTqeutE/KnOiTG5Y6Sb/Hw6hsBOZapOVF6njAESHInhlQAghVVZL1ZpIctBOoTFbQyGW+LsVYZ8lSSB3wkjA==}
    engines: {node: '>=12'}
    cpu: [mips64el]
    os: [linux]

  '@esbuild/linux-ppc64@0.20.2':
    resolution: {integrity: sha512-rD3KsaDprDcfajSKdn25ooz5J5/fWBylaaXkuotBDGnMnDP1Uv5DLAN/45qfnf3JDYyJv/ytGHQaziHUdyzaAg==}
    engines: {node: '>=12'}
    cpu: [ppc64]
    os: [linux]

  '@esbuild/linux-riscv64@0.20.2':
    resolution: {integrity: sha512-snwmBKacKmwTMmhLlz/3aH1Q9T8v45bKYGE3j26TsaOVtjIag4wLfWSiZykXzXuE1kbCE+zJRmwp+ZbIHinnVg==}
    engines: {node: '>=12'}
    cpu: [riscv64]
    os: [linux]

  '@esbuild/linux-s390x@0.20.2':
    resolution: {integrity: sha512-wcWISOobRWNm3cezm5HOZcYz1sKoHLd8VL1dl309DiixxVFoFe/o8HnwuIwn6sXre88Nwj+VwZUvJf4AFxkyrQ==}
    engines: {node: '>=12'}
    cpu: [s390x]
    os: [linux]

  '@esbuild/linux-x64@0.20.2':
    resolution: {integrity: sha512-1MdwI6OOTsfQfek8sLwgyjOXAu+wKhLEoaOLTjbijk6E2WONYpH9ZU2mNtR+lZ2B4uwr+usqGuVfFT9tMtGvGw==}
    engines: {node: '>=12'}
    cpu: [x64]
    os: [linux]

  '@esbuild/netbsd-x64@0.20.2':
    resolution: {integrity: sha512-K8/DhBxcVQkzYc43yJXDSyjlFeHQJBiowJ0uVL6Tor3jGQfSGHNNJcWxNbOI8v5k82prYqzPuwkzHt3J1T1iZQ==}
    engines: {node: '>=12'}
    cpu: [x64]
    os: [netbsd]

  '@esbuild/openbsd-x64@0.20.2':
    resolution: {integrity: sha512-eMpKlV0SThJmmJgiVyN9jTPJ2VBPquf6Kt/nAoo6DgHAoN57K15ZghiHaMvqjCye/uU4X5u3YSMgVBI1h3vKrQ==}
    engines: {node: '>=12'}
    cpu: [x64]
    os: [openbsd]

  '@esbuild/sunos-x64@0.20.2':
    resolution: {integrity: sha512-2UyFtRC6cXLyejf/YEld4Hajo7UHILetzE1vsRcGL3earZEW77JxrFjH4Ez2qaTiEfMgAXxfAZCm1fvM/G/o8w==}
    engines: {node: '>=12'}
    cpu: [x64]
    os: [sunos]

  '@esbuild/win32-arm64@0.20.2':
    resolution: {integrity: sha512-GRibxoawM9ZCnDxnP3usoUDO9vUkpAxIIZ6GQI+IlVmr5kP3zUq+l17xELTHMWTWzjxa2guPNyrpq1GWmPvcGQ==}
    engines: {node: '>=12'}
    cpu: [arm64]
    os: [win32]

  '@esbuild/win32-ia32@0.20.2':
    resolution: {integrity: sha512-HfLOfn9YWmkSKRQqovpnITazdtquEW8/SoHW7pWpuEeguaZI4QnCRW6b+oZTztdBnZOS2hqJ6im/D5cPzBTTlQ==}
    engines: {node: '>=12'}
    cpu: [ia32]
    os: [win32]

  '@esbuild/win32-x64@0.20.2':
    resolution: {integrity: sha512-N49X4lJX27+l9jbLKSqZ6bKNjzQvHaT8IIFUy+YIqmXQdjYCToGWwOItDrfby14c78aDd5NHQl29xingXfCdLQ==}
    engines: {node: '>=12'}
    cpu: [x64]
    os: [win32]

  '@prisma/client@5.14.0':
    resolution: {integrity: sha512-akMSuyvLKeoU4LeyBAUdThP/uhVP3GuLygFE3MlYzaCb3/J8SfsYBE5PkaFuLuVpLyA6sFoW+16z/aPhNAESqg==}
    engines: {node: '>=16.13'}
    peerDependencies:
      prisma: '*'
    peerDependenciesMeta:
      prisma:
        optional: true

  '@prisma/debug@5.14.0':
    resolution: {integrity: sha512-iq56qBZuFfX3fCxoxT8gBX33lQzomBU0qIUaEj1RebsKVz1ob/BVH1XSBwwwvRVtZEV1b7Fxx2eVu34Ge/mg3w==}

  '@prisma/engines-version@5.14.0-25.e9771e62de70f79a5e1c604a2d7c8e2a0a874b48':
    resolution: {integrity: sha512-ip6pNkRo1UxWv+6toxNcYvItNYaqQjXdFNGJ+Nuk2eYtRoEdoF13wxo7/jsClJFFenMPVNVqXQDV0oveXnR1cA==}

  '@prisma/engines@5.14.0':
    resolution: {integrity: sha512-lgxkKZ6IEygVcw6IZZUlPIfLQ9hjSYAtHjZ5r64sCLDgVzsPFCi2XBBJgzPMkOQ5RHzUD4E/dVdpn9+ez8tk1A==}

  '@prisma/fetch-engine@5.14.0':
    resolution: {integrity: sha512-VrheA9y9DMURK5vu8OJoOgQpxOhas3qF0IBHJ8G/0X44k82kc8E0w98HCn2nhnbOOMwbWsJWXfLC2/F8n5u0gQ==}

  '@prisma/get-platform@5.14.0':
    resolution: {integrity: sha512-/yAyBvcEjRv41ynZrhdrPtHgk47xLRRq/o5eWGcUpBJ1YrUZTYB8EoPiopnP7iQrMATK8stXQdPOoVlrzuTQZw==}

  '@tootallnate/quickjs-emscripten@0.23.0':
    resolution: {integrity: sha512-C5Mc6rdnsaJDjO3UpGW/CQTHtCKaYlScZTly4JIu97Jxo/odCiH0ITnDXSJPTOrEKk/ycSZ0AOgTmkDtkOsvIA==}

  '@types/node-fetch@2.6.11':
    resolution: {integrity: sha512-24xFj9R5+rfQJLRyM56qh+wnVSYhyXC2tkoBndtY0U+vubqNsYXGjufB2nn8Q6gt0LrARwL6UBtMCSVCwl4B1g==}

  '@types/node@18.19.33':
    resolution: {integrity: sha512-NR9+KrpSajr2qBVp/Yt5TU/rp+b5Mayi3+OlMlcg2cVCfRmcG5PWZ7S4+MG9PZ5gWBoc9Pd0BKSRViuBCRPu0A==}

  '@types/node@20.12.12':
    resolution: {integrity: sha512-eWLDGF/FOSPtAvEqeRAQ4C8LSA7M1I7i0ky1I8U7kD1J5ITyW3AsRhQrKVoWf5pFKZ2kILsEGJhsI9r93PYnOw==}

  abort-controller@3.0.0:
    resolution: {integrity: sha512-h8lQ8tacZYnR3vNQTgibj+tODHI5/+l06Au2Pcriv/Gmet0eaj4TwWH41sO9wnHDiQsEj19q0drzdWdeAHtweg==}
    engines: {node: '>=6.5'}

  agent-base@7.1.1:
    resolution: {integrity: sha512-H0TSyFNDMomMNJQBn8wFV5YC/2eJ+VXECwOadZJT554xP6cODZHPX3H9QMQECxvrgiSOP1pHjy1sMWQVYJOUOA==}
    engines: {node: '>= 14'}

  agentkeepalive@4.5.0:
    resolution: {integrity: sha512-5GG/5IbQQpC9FpkRGsSvZI5QYeSCzlJHdpBQntCsuTOxhKD8lqKhrleg2Yi7yvMIf82Ycmmqln9U8V9qwEiJew==}
    engines: {node: '>= 8.0.0'}

  ast-types@0.13.4:
    resolution: {integrity: sha512-x1FCFnFifvYDDzTaLII71vG5uvDwgtmDTEVWAxrgeiR8VjMONcCXJx7E+USjDtHlwFmt9MysbqgF9b9Vjr6w+w==}
    engines: {node: '>=4'}

  asynckit@0.4.0:
    resolution: {integrity: sha512-Oei9OH4tRh0YqU3GxhX79dM/mwVgvbZJaSNaRk+bshkj0S5cfHcgYakreBjrHwatXKbz+IoIdYLxrKim2MjW0Q==}

  axios@1.7.5:
    resolution: {integrity: sha512-fZu86yCo+svH3uqJ/yTdQ0QHpQu5oL+/QE+QPSv6BZSkDAoky9vytxp7u5qk83OJFS3kEBcesWni9WTZAv3tSw==}

  basic-ftp@5.0.5:
    resolution: {integrity: sha512-4Bcg1P8xhUuqcii/S0Z9wiHIrQVPMermM1any+MX5GeGD7faD3/msQUDGLol9wOcz4/jbg/WJnGqoJF6LiBdtg==}
    engines: {node: '>=10.0.0'}

  combined-stream@1.0.8:
    resolution: {integrity: sha512-FQN4MRfuJeHf7cBbBMJFXhKSDq+2kAArBlmRBvcvFE5BB1HZKXtSFASDhdlz9zOYwxh8lDdnvmMOe/+5cdoEdg==}
    engines: {node: '>= 0.8'}

  data-uri-to-buffer@6.0.2:
    resolution: {integrity: sha512-7hvf7/GW8e86rW0ptuwS3OcBGDjIi6SZva7hCyWC0yYry2cOPmLIjXAUHI6DK2HsnwJd9ifmt57i8eV2n4YNpw==}
    engines: {node: '>= 14'}

  debug@4.3.4:
    resolution: {integrity: sha512-PRWFHuSU3eDtQJPvnNY7Jcket1j0t5OuOsFzPPzsekD52Zl8qUfFIPEiswXqIvHWGVHOgX+7G/vCNNhehwxfkQ==}
    engines: {node: '>=6.0'}
    peerDependencies:
      supports-color: '*'
    peerDependenciesMeta:
      supports-color:
        optional: true

  degenerator@5.0.1:
    resolution: {integrity: sha512-TllpMR/t0M5sqCXfj85i4XaAzxmS5tVA16dqvdkMwGmzI+dXLXnw3J+3Vdv7VKw+ThlTMboK6i9rnZ6Nntj5CQ==}
    engines: {node: '>= 14'}

  delayed-stream@1.0.0:
    resolution: {integrity: sha512-ZySD7Nf91aLB0RxL4KGrKHBXl7Eds1DAmEdcoVawXnLD7SDhpNgtuII2aAkg7a7QS41jxPSZ17p4VdGnMHk3MQ==}
    engines: {node: '>=0.4.0'}

  esbuild@0.20.2:
    resolution: {integrity: sha512-WdOOppmUNU+IbZ0PaDiTst80zjnrOkyJNHoKupIcVyU8Lvla3Ugx94VzkQ32Ijqd7UhHJy75gNWDMUekcrSJ6g==}
    engines: {node: '>=12'}
    hasBin: true

  escodegen@2.1.0:
    resolution: {integrity: sha512-2NlIDTwUWJN0mRPQOdtQBzbUHvdGY2P1VXSyU83Q3xKxM7WHX2Ql8dKq782Q9TgQUNOLEzEYu9bzLNj1q88I5w==}
    engines: {node: '>=6.0'}
    hasBin: true

  esprima@4.0.1:
    resolution: {integrity: sha512-eGuFFw7Upda+g4p+QHvnW0RyTX/SVeJBDM/gCtMARO0cLuT2HcEKnTPvhjV6aGeqrCB/sbNop0Kszm0jsaWU4A==}
    engines: {node: '>=4'}
    hasBin: true

  estraverse@5.3.0:
    resolution: {integrity: sha512-MMdARuVEQziNTeJD8DgMqmhwR11BRQ/cBP+pLtYdSTnf3MIO8fFeiINEbX36ZdNlfU/7A9f3gUw49B3oQsvwBA==}
    engines: {node: '>=4.0'}

  esutils@2.0.3:
    resolution: {integrity: sha512-kVscqXk4OCp68SZ0dkgEKVi6/8ij300KBWTJq32P/dYeWTSwK41WyTxalN1eRmA5Z9UU/LX9D7FWSmV9SAYx6g==}
    engines: {node: '>=0.10.0'}

  event-target-shim@5.0.1:
    resolution: {integrity: sha512-i/2XbnSz/uxRCU6+NdVJgKWDTM427+MqYbkQzD321DuCQJUqOuJKIA0IM2+W2xtYHdKOmZ4dR6fExsd4SXL+WQ==}
    engines: {node: '>=6'}

  follow-redirects@1.15.6:
    resolution: {integrity: sha512-wWN62YITEaOpSK584EZXJafH1AGpO8RVgElfkuXbTOrPX4fIfOyEpW/CsiNd8JdYrAoOvafRTOEnvsO++qCqFA==}
    engines: {node: '>=4.0'}
    peerDependencies:
      debug: '*'
    peerDependenciesMeta:
      debug:
        optional: true

  form-data-encoder@1.7.2:
    resolution: {integrity: sha512-qfqtYan3rxrnCk1VYaA4H+Ms9xdpPqvLZa6xmMgFvhO32x7/3J/ExcTd6qpxM0vH2GdMI+poehyBZvqfMTto8A==}

  form-data@4.0.0:
    resolution: {integrity: sha512-ETEklSGi5t0QMZuiXoA/Q6vcnxcLQP5vdugSpuAyi6SVGi2clPPp+xgEhuMaHC+zGgn31Kd235W35f7Hykkaww==}
    engines: {node: '>= 6'}

  formdata-node@4.4.1:
    resolution: {integrity: sha512-0iirZp3uVDjVGt9p49aTaqjk84TrglENEDuqfdlZQ1roC9CWlPk6Avf8EEnZNcAqPonwkG35x4n3ww/1THYAeQ==}
    engines: {node: '>= 12.20'}

  fs-extra@11.2.0:
    resolution: {integrity: sha512-PmDi3uwK5nFuXh7XDTlVnS17xJS7vW36is2+w3xcv8SVxiB4NyATf4ctkVY5bkSjX0Y4nbvZCq1/EjtEyr9ktw==}
    engines: {node: '>=14.14'}

  fsevents@2.3.3:
    resolution: {integrity: sha512-5xoDfX+fL7faATnagmWPpbFtwh/R77WmMMqqHGS65C3vvB0YHrgF+B1YmZ3441tMj5n63k0212XNoJwzlhffQw==}
    engines: {node: ^8.16.0 || ^10.6.0 || >=11.0.0}
    os: [darwin]

  get-tsconfig@4.7.5:
    resolution: {integrity: sha512-ZCuZCnlqNzjb4QprAzXKdpp/gh6KTxSJuw3IBsPnV/7fV4NxC9ckB+vPTt8w7fJA0TaSD7c55BR47JD6MEDyDw==}

  get-uri@6.0.3:
    resolution: {integrity: sha512-BzUrJBS9EcUb4cFol8r4W3v1cPsSyajLSthNkz5BxbpDcHN5tIrM10E2eNvfnvBn3DaT3DUgx0OpsBKkaOpanw==}
    engines: {node: '>= 14'}

  graceful-fs@4.2.11:
    resolution: {integrity: sha512-RbJ5/jmFcNNCcDV5o9eTnBLJ/HszWV0P73bc+Ff4nS/rJj+YaS6IGyiOL0VoBYX+l1Wrl3k63h/KrH+nhJ0XvQ==}

  http-proxy-agent@7.0.2:
    resolution: {integrity: sha512-T1gkAiYYDWYx3V5Bmyu7HcfcvL7mUrTWiM6yOfa3PIphViJ/gFPbvidQ+veqSOHci/PxBcDabeUNCzpOODJZig==}
    engines: {node: '>= 14'}

  https-proxy-agent@7.0.4:
    resolution: {integrity: sha512-wlwpilI7YdjSkWaQ/7omYBMTliDcmCN8OLihO6I9B86g06lMyAoqgoDpV0XqoaPOKj+0DIdAvnsWfyAAhmimcg==}
    engines: {node: '>= 14'}

  https-proxy-agent@7.0.5:
    resolution: {integrity: sha512-1e4Wqeblerz+tMKPIq2EMGiiWW1dIjZOksyHWSUm1rmuvw/how9hBHZ38lAGj5ID4Ik6EdkOw7NmWPy6LAwalw==}
    engines: {node: '>= 14'}

  humanize-ms@1.2.1:
    resolution: {integrity: sha512-Fl70vYtsAFb/C06PTS9dZBo7ihau+Tu/DNCk/OyHhea07S+aeMWpFFkUaXRa8fI+ScZbEI8dfSxwY7gxZ9SAVQ==}

  ip-address@9.0.5:
    resolution: {integrity: sha512-zHtQzGojZXTwZTHQqra+ETKd4Sn3vgi7uBmlPoXVWZqYvuKmtI0l/VZTjqGmJY9x88GGOaZ9+G9ES8hC4T4X8g==}
    engines: {node: '>= 12'}

  jsbn@1.1.0:
    resolution: {integrity: sha512-4bYVV3aAMtDTTu4+xsDYa6sy9GyJ69/amsu9sYF2zqjiEoZA5xJi3BrfX3uY+/IekIu7MwdObdbDWpoZdBv3/A==}

  jsonfile@6.1.0:
    resolution: {integrity: sha512-5dgndWOriYSm5cnYaJNhalLNDKOqFwyDB/rr1E9ZsGciGvKPs8R2xYGCacuf3z6K1YKDz182fd+fY3cn3pMqXQ==}

  lru-cache@7.18.3:
    resolution: {integrity: sha512-jumlc0BIUrS3qJGgIkWZsyfAM7NCWiBcCDhnd+3NNM5KbBmLTgHVfWBcg6W+rLUsIpzpERPsvwUP7CckAQSOoA==}
    engines: {node: '>=12'}

  mi-gpt@4.2.0:
    resolution: {integrity: sha512-x7RUHPc2mGhSthtqaY8vo4F1/1LKaBo8yVeUupCfpa3YtB5YVTzvqxd0jAGPx28RM4+X+55V3iTbMz95OT+kug==}
    engines: {node: '>=16'}

  mi-service-lite@3.1.0:
    resolution: {integrity: sha512-WOMK8poZZ4nvXezETGdJHiqOOMON/+8prv8Hi9kjODBGCkdUtp+Q1w9OJRYxZUiB+ZaH5f9okaqAq5TBRpg1VA==}
    engines: {node: '>=16'}

  mime-db@1.52.0:
    resolution: {integrity: sha512-sPU4uV7dYlvtWJxwwxHD0PuihVNiE7TyAbQ5SWxDCB9mUYvOgroQOwYQQOKPJ8CIbE+1ETVlOoK1UC2nU3gYvg==}
    engines: {node: '>= 0.6'}

  mime-types@2.1.35:
    resolution: {integrity: sha512-ZDY+bPm5zTTF+YpCrAU9nK0UgICYPT0QtT1NZWFv4s++TNkcgVaT0g6+4R2uI4MjQjzysHB1zxuWL50hzaeXiw==}
    engines: {node: '>= 0.6'}

  ms@2.1.2:
    resolution: {integrity: sha512-sGkPx+VjMtmA6MX27oA4FBFELFCZZ4S4XqeGOXCv68tT+jb3vk/RyaKWP0PTKyWtmLSM0b+adUTEvbs1PEaH2w==}

  ms@2.1.3:
    resolution: {integrity: sha512-6FlzubTLZG3J2a/NVCAleEhjzq5oxgHyaCU9yYXvcLsvoVaHJq/s5xXI6/XXP6tz7R9xAOtHnSO/tXtF3WRTlA==}

  netmask@2.0.2:
    resolution: {integrity: sha512-dBpDMdxv9Irdq66304OLfEmQ9tbNRFnFTuZiLo+bD+r332bBmMJ8GBLXklIXXgxd3+v9+KUnZaUR5PJMa75Gsg==}
    engines: {node: '>= 0.4.0'}

  node-domexception@1.0.0:
    resolution: {integrity: sha512-/jKZoMpw0F8GRwl4/eLROPA3cfcXtLApP0QzLmUT/HuPCZWyB7IY9ZrMeKw2O/nFIqPQB3PVM9aYm0F312AXDQ==}
    engines: {node: '>=10.5.0'}

  node-fetch@2.7.0:
    resolution: {integrity: sha512-c4FRfUm/dbcWZ7U+1Wq0AwCyFL+3nt2bEw05wfxSz+DWpWsitgmSgYmy2dQdWyKC1694ELPqMs/YzUSNozLt8A==}
    engines: {node: 4.x || >=6.0.0}
    peerDependencies:
      encoding: ^0.1.0
    peerDependenciesMeta:
      encoding:
        optional: true

  openai@4.56.0:
    resolution: {integrity: sha512-zcag97+3bG890MNNa0DQD9dGmmTWL8unJdNkulZzWRXrl+QeD+YkBI4H58rJcwErxqGK6a0jVPZ4ReJjhDGcmw==}
    hasBin: true
    peerDependencies:
      zod: ^3.23.8
    peerDependenciesMeta:
      zod:
        optional: true

  pac-proxy-agent@7.0.2:
    resolution: {integrity: sha512-BFi3vZnO9X5Qt6NRz7ZOaPja3ic0PhlsmCRYLOpN11+mWBCR6XJDqW5RF3j8jm4WGGQZtBA+bTfxYzeKW73eHg==}
    engines: {node: '>= 14'}

  pac-resolver@7.0.1:
    resolution: {integrity: sha512-5NPgf87AT2STgwa2ntRMr45jTKrYBGkVU36yT0ig/n/GMAa3oPqhZfIQ2kMEimReg0+t9kZViDVZ83qfVUlckg==}
    engines: {node: '>= 14'}

  pako@2.1.0:
    resolution: {integrity: sha512-w+eufiZ1WuJYgPXbV/PO3NCMEc3xqylkKHzp8bxp1uW4qaSNQUkwmLLEc3kKsfz8lpV1F8Ht3U1Cm+9Srog2ug==}

  prisma@5.14.0:
    resolution: {integrity: sha512-gCNZco7y5XtjrnQYeDJTiVZmT/ncqCr5RY1/Cf8X2wgLRmyh9ayPAGBNziI4qEE4S6SxCH5omQLVo9lmURaJ/Q==}
    engines: {node: '>=16.13'}
    hasBin: true

  proxy-agent@6.4.0:
    resolution: {integrity: sha512-u0piLU+nCOHMgGjRbimiXmA9kM/L9EHh3zL81xCdp7m+Y2pHIsnmbdDoEDoAz5geaonNR6q6+yOPQs6n4T6sBQ==}
    engines: {node: '>= 14'}

  proxy-from-env@1.1.0:
    resolution: {integrity: sha512-D+zkORCbA9f1tdWRK0RaCR3GPv50cMxcrz4X8k5LTSUD1Dkw47mKJEZQNunItRTkWwgtaUSo1RVFRIG9ZXiFYg==}

  resolve-pkg-maps@1.0.0:
    resolution: {integrity: sha512-seS2Tj26TBVOC2NIc2rOe2y2ZO7efxITtLZcGSOnHHNOQ7CkiUBfw0Iw2ck6xkIhPwLhKNLS8BO+hEpngQlqzw==}

  smart-buffer@4.2.0:
    resolution: {integrity: sha512-94hK0Hh8rPqQl2xXc3HsaBoOXKV20MToPkcXvwbISWLEs+64sBq5kFgn2kJDHb1Pry9yrP0dxrCI9RRci7RXKg==}
    engines: {node: '>= 6.0.0', npm: '>= 3.0.0'}

  socks-proxy-agent@8.0.3:
    resolution: {integrity: sha512-VNegTZKhuGq5vSD6XNKlbqWhyt/40CgoEw8XxD6dhnm8Jq9IEa3nIa4HwnM8XOqU0CdB0BwWVXusqiFXfHB3+A==}
    engines: {node: '>= 14'}

  socks-proxy-agent@8.0.4:
    resolution: {integrity: sha512-GNAq/eg8Udq2x0eNiFkr9gRg5bA7PXEWagQdeRX4cPSG+X/8V38v637gim9bjFptMk1QWsCTr0ttrJEiXbNnRw==}
    engines: {node: '>= 14'}

  socks@2.8.3:
    resolution: {integrity: sha512-l5x7VUUWbjVFbafGLxPWkYsHIhEvmF85tbIeFZWc8ZPtoMyybuEhL7Jye/ooC4/d48FgOjSJXgsF/AJPYCW8Zw==}
    engines: {node: '>= 10.0.0', npm: '>= 3.0.0'}

  source-map@0.6.1:
    resolution: {integrity: sha512-UjgapumWlbMhkBgzT7Ykc5YXUT46F0iKu8SGXq0bcwP5dz/h0Plj6enJqjz1Zbq2l5WaqYnrVbwWOWMyF3F47g==}
    engines: {node: '>=0.10.0'}

  sprintf-js@1.1.3:
    resolution: {integrity: sha512-Oo+0REFV59/rz3gfJNKQiBlwfHaSESl1pcGyABQsnnIfWOFt6JNj5gCog2U6MLZ//IGYD+nA8nI+mTShREReaA==}

  tr46@0.0.3:
    resolution: {integrity: sha512-N3WMsuqV66lT30CrXNbEjx4GEwlow3v6rr4mCcv6prnfwhS01rkgyFdjPNBYd9br7LpXV1+Emh01fHnq2Gdgrw==}

  tslib@2.7.0:
    resolution: {integrity: sha512-gLXCKdN1/j47AiHiOkJN69hJmcbGTHI0ImLmbYLHykhgeN0jVGola9yVjFgzCUklsZQMW55o+dW7IXv3RCXDzA==}

  tsx@4.11.0:
    resolution: {integrity: sha512-vzGGELOgAupsNVssAmZjbUDfdm/pWP4R+Kg8TVdsonxbXk0bEpE1qh0yV6/QxUVXaVlNemgcPajGdJJ82n3stg==}
    engines: {node: '>=18.0.0'}
    hasBin: true

  typescript@5.4.5:
    resolution: {integrity: sha512-vcI4UpRgg81oIRUFwR0WSIHKt11nJ7SAVlYNIu+QpqeyXP+gpQJy/Z4+F0aGxSE4MqwjyXvW/TzgkLAx2AGHwQ==}
    engines: {node: '>=14.17'}
    hasBin: true

  undici-types@5.26.5:
    resolution: {integrity: sha512-JlCMO+ehdEIKqlFxk6IfVoAUVmgz7cU7zD/h9XZ0qzeosSHmUJVOzSQvvYSYWXkFXC+IfLKSIffhv0sVZup6pA==}

  universalify@2.0.1:
    resolution: {integrity: sha512-gptHNQghINnc/vTGIk0SOFGFNXw7JVrlRUtConJRlvaw6DuX0wO5Jeko9sWrMBhh+PsYAZ7oXAiOnf/UKogyiw==}
    engines: {node: '>= 10.0.0'}

  web-streams-polyfill@4.0.0-beta.3:
    resolution: {integrity: sha512-QW95TCTaHmsYfHDybGMwO5IJIM93I/6vTRk+daHTWFPhwh+C8Cg7j7XyKrwrj8Ib6vYXe0ocYNrmzY4xAAN6ug==}
    engines: {node: '>= 14'}

  webidl-conversions@3.0.1:
    resolution: {integrity: sha512-2JAn3z8AR6rjK8Sm8orRC0h/bcl/DqL7tRPdGZ4I1CjdF+EaMLmYxBHyXuKL849eucPFhvBoxMsflfOb8kxaeQ==}

  whatwg-url@5.0.0:
    resolution: {integrity: sha512-saE57nupxk6v3HY35+jzBwYa0rKSy0XR8JSxZPwgLr7ys0IBzhGviA1/TUGJLmSVqs8pb9AnvICXEuOHLprYTw==}

snapshots:

  '@esbuild/aix-ppc64@0.20.2':
    optional: true

  '@esbuild/android-arm64@0.20.2':
    optional: true

  '@esbuild/android-arm@0.20.2':
    optional: true

  '@esbuild/android-x64@0.20.2':
    optional: true

  '@esbuild/darwin-arm64@0.20.2':
    optional: true

  '@esbuild/darwin-x64@0.20.2':
    optional: true

  '@esbuild/freebsd-arm64@0.20.2':
    optional: true

  '@esbuild/freebsd-x64@0.20.2':
    optional: true

  '@esbuild/linux-arm64@0.20.2':
    optional: true

  '@esbuild/linux-arm@0.20.2':
    optional: true

  '@esbuild/linux-ia32@0.20.2':
    optional: true

  '@esbuild/linux-loong64@0.20.2':
    optional: true

  '@esbuild/linux-mips64el@0.20.2':
    optional: true

  '@esbuild/linux-ppc64@0.20.2':
    optional: true

  '@esbuild/linux-riscv64@0.20.2':
    optional: true

  '@esbuild/linux-s390x@0.20.2':
    optional: true

  '@esbuild/linux-x64@0.20.2':
    optional: true

  '@esbuild/netbsd-x64@0.20.2':
    optional: true

  '@esbuild/openbsd-x64@0.20.2':
    optional: true

  '@esbuild/sunos-x64@0.20.2':
    optional: true

  '@esbuild/win32-arm64@0.20.2':
    optional: true

  '@esbuild/win32-ia32@0.20.2':
    optional: true

  '@esbuild/win32-x64@0.20.2':
    optional: true

  '@prisma/client@5.14.0(prisma@5.14.0)':
    optionalDependencies:
      prisma: 5.14.0

  '@prisma/debug@5.14.0': {}

  '@prisma/engines-version@5.14.0-25.e9771e62de70f79a5e1c604a2d7c8e2a0a874b48': {}

  '@prisma/engines@5.14.0':
    dependencies:
      '@prisma/debug': 5.14.0
      '@prisma/engines-version': 5.14.0-25.e9771e62de70f79a5e1c604a2d7c8e2a0a874b48
      '@prisma/fetch-engine': 5.14.0
      '@prisma/get-platform': 5.14.0

  '@prisma/fetch-engine@5.14.0':
    dependencies:
      '@prisma/debug': 5.14.0
      '@prisma/engines-version': 5.14.0-25.e9771e62de70f79a5e1c604a2d7c8e2a0a874b48
      '@prisma/get-platform': 5.14.0

  '@prisma/get-platform@5.14.0':
    dependencies:
      '@prisma/debug': 5.14.0

  '@tootallnate/quickjs-emscripten@0.23.0': {}

  '@types/node-fetch@2.6.11':
    dependencies:
      '@types/node': 20.12.12
      form-data: 4.0.0

  '@types/node@18.19.33':
    dependencies:
      undici-types: 5.26.5

  '@types/node@20.12.12':
    dependencies:
      undici-types: 5.26.5

  abort-controller@3.0.0:
    dependencies:
      event-target-shim: 5.0.1

  agent-base@7.1.1:
    dependencies:
      debug: 4.3.4
    transitivePeerDependencies:
      - supports-color

  agentkeepalive@4.5.0:
    dependencies:
      humanize-ms: 1.2.1

  ast-types@0.13.4:
    dependencies:
      tslib: 2.7.0

  asynckit@0.4.0: {}

  axios@1.7.5:
    dependencies:
      follow-redirects: 1.15.6
      form-data: 4.0.0
      proxy-from-env: 1.1.0
    transitivePeerDependencies:
      - debug

  basic-ftp@5.0.5: {}

  combined-stream@1.0.8:
    dependencies:
      delayed-stream: 1.0.0

  data-uri-to-buffer@6.0.2: {}

  debug@4.3.4:
    dependencies:
      ms: 2.1.2

  degenerator@5.0.1:
    dependencies:
      ast-types: 0.13.4
      escodegen: 2.1.0
      esprima: 4.0.1

  delayed-stream@1.0.0: {}

  esbuild@0.20.2:
    optionalDependencies:
      '@esbuild/aix-ppc64': 0.20.2
      '@esbuild/android-arm': 0.20.2
      '@esbuild/android-arm64': 0.20.2
      '@esbuild/android-x64': 0.20.2
      '@esbuild/darwin-arm64': 0.20.2
      '@esbuild/darwin-x64': 0.20.2
      '@esbuild/freebsd-arm64': 0.20.2
      '@esbuild/freebsd-x64': 0.20.2
      '@esbuild/linux-arm': 0.20.2
      '@esbuild/linux-arm64': 0.20.2
      '@esbuild/linux-ia32': 0.20.2
      '@esbuild/linux-loong64': 0.20.2
      '@esbuild/linux-mips64el': 0.20.2
      '@esbuild/linux-ppc64': 0.20.2
      '@esbuild/linux-riscv64': 0.20.2
      '@esbuild/linux-s390x': 0.20.2
      '@esbuild/linux-x64': 0.20.2
      '@esbuild/netbsd-x64': 0.20.2
      '@esbuild/openbsd-x64': 0.20.2
      '@esbuild/sunos-x64': 0.20.2
      '@esbuild/win32-arm64': 0.20.2
      '@esbuild/win32-ia32': 0.20.2
      '@esbuild/win32-x64': 0.20.2

  escodegen@2.1.0:
    dependencies:
      esprima: 4.0.1
      estraverse: 5.3.0
      esutils: 2.0.3
    optionalDependencies:
      source-map: 0.6.1

  esprima@4.0.1: {}

  estraverse@5.3.0: {}

  esutils@2.0.3: {}

  event-target-shim@5.0.1: {}

  follow-redirects@1.15.6: {}

  form-data-encoder@1.7.2: {}

  form-data@4.0.0:
    dependencies:
      asynckit: 0.4.0
      combined-stream: 1.0.8
      mime-types: 2.1.35

  formdata-node@4.4.1:
    dependencies:
      node-domexception: 1.0.0
      web-streams-polyfill: 4.0.0-beta.3

  fs-extra@11.2.0:
    dependencies:
      graceful-fs: 4.2.11
      jsonfile: 6.1.0
      universalify: 2.0.1

  fsevents@2.3.3:
    optional: true

  get-tsconfig@4.7.5:
    dependencies:
      resolve-pkg-maps: 1.0.0

  get-uri@6.0.3:
    dependencies:
      basic-ftp: 5.0.5
      data-uri-to-buffer: 6.0.2
      debug: 4.3.4
      fs-extra: 11.2.0
    transitivePeerDependencies:
      - supports-color

  graceful-fs@4.2.11: {}

  http-proxy-agent@7.0.2:
    dependencies:
      agent-base: 7.1.1
      debug: 4.3.4
    transitivePeerDependencies:
      - supports-color

  https-proxy-agent@7.0.4:
    dependencies:
      agent-base: 7.1.1
      debug: 4.3.4
    transitivePeerDependencies:
      - supports-color

  https-proxy-agent@7.0.5:
    dependencies:
      agent-base: 7.1.1
      debug: 4.3.4
    transitivePeerDependencies:
      - supports-color

  humanize-ms@1.2.1:
    dependencies:
      ms: 2.1.3

  ip-address@9.0.5:
    dependencies:
      jsbn: 1.1.0
      sprintf-js: 1.1.3

  jsbn@1.1.0: {}

  jsonfile@6.1.0:
    dependencies:
      universalify: 2.0.1
    optionalDependencies:
      graceful-fs: 4.2.11

  lru-cache@7.18.3: {}

  mi-gpt@4.2.0:
    dependencies:
      '@prisma/client': 5.14.0(prisma@5.14.0)
      fs-extra: 11.2.0
      mi-service-lite: 3.1.0
      openai: 4.56.0
      prisma: 5.14.0
      proxy-agent: 6.4.0
    transitivePeerDependencies:
      - debug
      - encoding
      - supports-color
      - zod

  mi-service-lite@3.1.0:
    dependencies:
      axios: 1.7.5
      pako: 2.1.0
    transitivePeerDependencies:
      - debug

  mime-db@1.52.0: {}

  mime-types@2.1.35:
    dependencies:
      mime-db: 1.52.0

  ms@2.1.2: {}

  ms@2.1.3: {}

  netmask@2.0.2: {}

  node-domexception@1.0.0: {}

  node-fetch@2.7.0:
    dependencies:
      whatwg-url: 5.0.0

  openai@4.56.0:
    dependencies:
      '@types/node': 18.19.33
      '@types/node-fetch': 2.6.11
      abort-controller: 3.0.0
      agentkeepalive: 4.5.0
      form-data-encoder: 1.7.2
      formdata-node: 4.4.1
      node-fetch: 2.7.0
    transitivePeerDependencies:
      - encoding

  pac-proxy-agent@7.0.2:
    dependencies:
      '@tootallnate/quickjs-emscripten': 0.23.0
      agent-base: 7.1.1
      debug: 4.3.4
      get-uri: 6.0.3
      http-proxy-agent: 7.0.2
      https-proxy-agent: 7.0.5
      pac-resolver: 7.0.1
      socks-proxy-agent: 8.0.4
    transitivePeerDependencies:
      - supports-color

  pac-resolver@7.0.1:
    dependencies:
      degenerator: 5.0.1
      netmask: 2.0.2

  pako@2.1.0: {}

  prisma@5.14.0:
    dependencies:
      '@prisma/engines': 5.14.0

  proxy-agent@6.4.0:
    dependencies:
      agent-base: 7.1.1
      debug: 4.3.4
      http-proxy-agent: 7.0.2
      https-proxy-agent: 7.0.4
      lru-cache: 7.18.3
      pac-proxy-agent: 7.0.2
      proxy-from-env: 1.1.0
      socks-proxy-agent: 8.0.3
    transitivePeerDependencies:
      - supports-color

  proxy-from-env@1.1.0: {}

  resolve-pkg-maps@1.0.0: {}

  smart-buffer@4.2.0: {}

  socks-proxy-agent@8.0.3:
    dependencies:
      agent-base: 7.1.1
      debug: 4.3.4
      socks: 2.8.3
    transitivePeerDependencies:
      - supports-color

  socks-proxy-agent@8.0.4:
    dependencies:
      agent-base: 7.1.1
      debug: 4.3.4
      socks: 2.8.3
    transitivePeerDependencies:
      - supports-color

  socks@2.8.3:
    dependencies:
      ip-address: 9.0.5
      smart-buffer: 4.2.0

  source-map@0.6.1:
    optional: true

  sprintf-js@1.1.3: {}

  tr46@0.0.3: {}

  tslib@2.7.0: {}

  tsx@4.11.0:
    dependencies:
      esbuild: 0.20.2
      get-tsconfig: 4.7.5
    optionalDependencies:
      fsevents: 2.3.3

  typescript@5.4.5: {}

  undici-types@5.26.5: {}

  universalify@2.0.1: {}

  web-streams-polyfill@4.0.0-beta.3: {}

  webidl-conversions@3.0.1: {}

  whatwg-url@5.0.0:
    dependencies:
      tr46: 0.0.3
      webidl-conversions: 3.0.1
